{
  "name": "node-kraken-api",
  "version": "1.1.0",
  "lockfileVersion": 2,
  "requires": true,
  "packages": {
    "": {
      "name": "node-kraken-api",
      "version": "1.1.0",
      "license": "MIT",
      "dependencies": {
        "crc": "^3.8.0",
        "ts-ev": "^0.3.0",
        "ws": "^8.2.2"
      },
      "devDependencies": {
        "@jpcx/testts": "^0.4.0",
        "@types/crc": "^3.4.0",
        "@types/node": "^16.9.1",
        "@types/ws": "^7.4.7",
        "typescript": "^4.4.3"
      },
      "engines": {
        "node": ">=10.0.0"
      },
      "optionalDependencies": {
        "bufferutil": "^4.0.3",
        "utf-8-validate": "^5.0.5"
      }
    },
    "node_modules/@jpcx/testts": {
      "version": "0.4.0",
      "resolved": "https://registry.npmjs.org/@jpcx/testts/-/testts-0.4.0.tgz",
      "integrity": "sha512-os/rMOurAivbt8Bgu9Y3+ycAb4D+1efIXexCsrvtb+EBYSs/sq7a5C0DB6jhk6Zms1RlpPj/+RUz5p0/w8OwUA==",
      "dev": true,
      "bin": {
        "testts": "testts.js"
      },
      "engines": {
        "node": ">=10.0.0"
      }
    },
    "node_modules/@types/crc": {
      "version": "3.4.0",
      "resolved": "https://registry.npmjs.org/@types/crc/-/crc-3.4.0.tgz",
      "integrity": "sha1-I2a+tDmc1zSzPkLHrICVduYX1Io=",
      "dev": true,
      "dependencies": {
        "@types/node": "*"
      }
    },
    "node_modules/@types/node": {
      "version": "16.9.1",
      "resolved": "https://registry.npmjs.org/@types/node/-/node-16.9.1.tgz",
      "integrity": "sha512-QpLcX9ZSsq3YYUUnD3nFDY8H7wctAhQj/TFKL8Ya8v5fMm3CFXxo8zStsLAl780ltoYoo1WvKUVGBQK+1ifr7g==",
      "dev": true
    },
    "node_modules/@types/ws": {
      "version": "7.4.7",
      "resolved": "https://registry.npmjs.org/@types/ws/-/ws-7.4.7.tgz",
      "integrity": "sha512-JQbbmxZTZehdc2iszGKs5oC3NFnjeay7mtAWrdt7qNtAVK0g19muApzAy4bm9byz79xa2ZnO/BOBC2R8RC5Lww==",
      "dev": true,
      "dependencies": {
        "@types/node": "*"
      }
    },
    "node_modules/base64-js": {
      "version": "1.5.1",
      "resolved": "https://registry.npmjs.org/base64-js/-/base64-js-1.5.1.tgz",
      "integrity": "sha512-AKpaYlHn8t4SVbOHCy+b5+KKgvR4vrsD8vbvrbiQJps7fKDTkjkDry6ji0rUJjC0kzbNePLwzxq8iypo41qeWA==",
      "funding": [
        {
          "type": "github",
          "url": "https://github.com/sponsors/feross"
        },
        {
          "type": "patreon",
          "url": "https://www.patreon.com/feross"
        },
        {
          "type": "consulting",
          "url": "https://feross.org/support"
        }
      ]
    },
    "node_modules/buffer": {
      "version": "5.7.1",
      "resolved": "https://registry.npmjs.org/buffer/-/buffer-5.7.1.tgz",
      "integrity": "sha512-EHcyIPBQ4BSGlvjB16k5KgAJ27CIsHY/2JBmCRReo48y9rQ3MaUzWX3KVlBa4U7MyX02HdVj0K7C3WaB3ju7FQ==",
      "funding": [
        {
          "type": "github",
          "url": "https://github.com/sponsors/feross"
        },
        {
          "type": "patreon",
          "url": "https://www.patreon.com/feross"
        },
        {
          "type": "consulting",
          "url": "https://feross.org/support"
        }
      ],
      "dependencies": {
        "base64-js": "^1.3.1",
        "ieee754": "^1.1.13"
      }
    },
    "node_modules/bufferutil": {
      "version": "4.0.3",
      "resolved": "https://registry.npmjs.org/bufferutil/-/bufferutil-4.0.3.tgz",
      "integrity": "sha512-yEYTwGndELGvfXsImMBLop58eaGW+YdONi1fNjTINSY98tmMmFijBG6WXgdkfuLNt4imzQNtIE+eBp1PVpMCSw==",
      "hasInstallScript": true,
      "optional": true,
      "dependencies": {
        "node-gyp-build": "^4.2.0"
      }
    },
    "node_modules/crc": {
      "version": "3.8.0",
      "resolved": "https://registry.npmjs.org/crc/-/crc-3.8.0.tgz",
      "integrity": "sha512-iX3mfgcTMIq3ZKLIsVFAbv7+Mc10kxabAGQb8HvjA1o3T1PIYprbakQ65d3I+2HGHt6nSKkM9PYjgoJO2KcFBQ==",
      "dependencies": {
        "buffer": "^5.1.0"
      }
    },
    "node_modules/ieee754": {
      "version": "1.2.1",
      "resolved": "https://registry.npmjs.org/ieee754/-/ieee754-1.2.1.tgz",
      "integrity": "sha512-dcyqhDvX1C46lXZcVqCpK+FtMRQVdIMN6/Df5js2zouUsqG7I6sFxitIC+7KYK29KdXOLHdu9zL4sFnoVQnqaA==",
      "funding": [
        {
          "type": "github",
          "url": "https://github.com/sponsors/feross"
        },
        {
          "type": "patreon",
          "url": "https://www.patreon.com/feross"
        },
        {
          "type": "consulting",
          "url": "https://feross.org/support"
        }
      ]
    },
    "node_modules/node-gyp-build": {
      "version": "4.3.0",
      "resolved": "https://registry.npmjs.org/node-gyp-build/-/node-gyp-build-4.3.0.tgz",
      "integrity": "sha512-iWjXZvmboq0ja1pUGULQBexmxq8CV4xBhX7VDOTbL7ZR4FOowwY/VOtRxBN/yKxmdGoIp4j5ysNT4u3S2pDQ3Q==",
      "optional": true,
      "bin": {
        "node-gyp-build": "bin.js",
        "node-gyp-build-optional": "optional.js",
        "node-gyp-build-test": "build-test.js"
      }
    },
    "node_modules/ts-ev": {
      "version": "0.3.0",
      "resolved": "https://registry.npmjs.org/ts-ev/-/ts-ev-0.3.0.tgz",
      "integrity": "sha512-auTmqG3pJLU0WxZex+wk1gGAcJWVpCmCaiXotwNPICgKcXRDVMlaTcXXwPzZz9YxAEe8c04WdJu/eUrofTGCkw==",
      "engines": {
        "node": ">=10.0.0"
      }
    },
    "node_modules/typescript": {
      "version": "4.4.3",
      "resolved": "https://registry.npmjs.org/typescript/-/typescript-4.4.3.tgz",
      "integrity": "sha512-4xfscpisVgqqDfPaJo5vkd+Qd/ItkoagnHpufr+i2QCHBsNYp+G7UAoyFl8aPtx879u38wPV65rZ8qbGZijalA==",
      "dev": true,
      "bin": {
        "tsc": "bin/tsc",
        "tsserver": "bin/tsserver"
      },
      "engines": {
        "node": ">=4.2.0"
      }
    },
    "node_modules/utf-8-validate": {
      "version": "5.0.5",
      "resolved": "https://registry.npmjs.org/utf-8-validate/-/utf-8-validate-5.0.5.tgz",
      "integrity": "sha512-+pnxRYsS/axEpkrrEpzYfNZGXp0IjC/9RIxwM5gntY4Koi8SHmUGSfxfWqxZdRxrtaoVstuOzUp/rbs3JSPELQ==",
      "hasInstallScript": true,
      "optional": true,
      "dependencies": {
        "node-gyp-build": "^4.2.0"
      }
    },
    "node_modules/ws": {
      "version": "8.2.2",
      "resolved": "https://registry.npmjs.org/ws/-/ws-8.2.2.tgz",
      "integrity": "sha512-Q6B6H2oc8QY3llc3cB8kVmQ6pnJWVQbP7Q5algTcIxx7YEpc0oU4NBVHlztA7Ekzfhw2r0rPducMUiCGWKQRzw==",
      "engines": {
        "node": ">=10.0.0"
      },
      "peerDependencies": {
        "bufferutil": "^4.0.1",
        "utf-8-validate": "^5.0.2"
      },
      "peerDependenciesMeta": {
        "bufferutil": {
          "optional": true
        },
        "utf-8-validate": {
          "optional": true
        }
      }
    }
  },
  "dependencies": {
    "@jpcx/testts": {
      "version": "0.4.0",
      "resolved": "https://registry.npmjs.org/@jpcx/testts/-/testts-0.4.0.tgz",
      "integrity": "sha512-os/rMOurAivbt8Bgu9Y3+ycAb4D+1efIXexCsrvtb+EBYSs/sq7a5C0DB6jhk6Zms1RlpPj/+RUz5p0/w8OwUA==",
      "dev": true
    },
    "@types/crc": {
      "version": "3.4.0",
      "resolved": "https://registry.npmjs.org/@types/crc/-/crc-3.4.0.tgz",
      "integrity": "sha1-I2a+tDmc1zSzPkLHrICVduYX1Io=",
      "dev": true,
      "requires": {
        "@types/node": "*"
      }
    },
    "@types/node": {
      "version": "16.9.1",
      "resolved": "https://registry.npmjs.org/@types/node/-/node-16.9.1.tgz",
      "integrity": "sha512-QpLcX9ZSsq3YYUUnD3nFDY8H7wctAhQj/TFKL8Ya8v5fMm3CFXxo8zStsLAl780ltoYoo1WvKUVGBQK+1ifr7g==",
      "dev": true
    },
    "@types/ws": {
      "version": "7.4.7",
      "resolved": "https://registry.npmjs.org/@types/ws/-/ws-7.4.7.tgz",
      "integrity": "sha512-JQbbmxZTZehdc2iszGKs5oC3NFnjeay7mtAWrdt7qNtAVK0g19muApzAy4bm9byz79xa2ZnO/BOBC2R8RC5Lww==",
      "dev": true,
      "requires": {
        "@types/node": "*"
      }
    },
    "base64-js": {
      "version": "1.5.1",
      "resolved": "https://registry.npmjs.org/base64-js/-/base64-js-1.5.1.tgz",
      "integrity": "sha512-AKpaYlHn8t4SVbOHCy+b5+KKgvR4vrsD8vbvrbiQJps7fKDTkjkDry6ji0rUJjC0kzbNePLwzxq8iypo41qeWA=="
    },
    "buffer": {
      "version": "5.7.1",
      "resolved": "https://registry.npmjs.org/buffer/-/buffer-5.7.1.tgz",
      "integrity": "sha512-EHcyIPBQ4BSGlvjB16k5KgAJ27CIsHY/2JBmCRReo48y9rQ3MaUzWX3KVlBa4U7MyX02HdVj0K7C3WaB3ju7FQ==",
      "requires": {
        "base64-js": "^1.3.1",
        "ieee754": "^1.1.13"
      }
    },
    "bufferutil": {
      "version": "4.0.3",
      "resolved": "https://registry.npmjs.org/bufferutil/-/bufferutil-4.0.3.tgz",
      "integrity": "sha512-yEYTwGndELGvfXsImMBLop58eaGW+YdONi1fNjTINSY98tmMmFijBG6WXgdkfuLNt4imzQNtIE+eBp1PVpMCSw==",
      "optional": true,
      "requires": {
        "node-gyp-build": "^4.2.0"
      }
    },
    "crc": {
      "version": "3.8.0",
      "resolved": "https://registry.npmjs.org/crc/-/crc-3.8.0.tgz",
      "integrity": "sha512-iX3mfgcTMIq3ZKLIsVFAbv7+Mc10kxabAGQb8HvjA1o3T1PIYprbakQ65d3I+2HGHt6nSKkM9PYjgoJO2KcFBQ==",
      "requires": {
        "buffer": "^5.1.0"
      }
    },
    "ieee754": {
      "version": "1.2.1",
      "resolved": "https://registry.npmjs.org/ieee754/-/ieee754-1.2.1.tgz",
      "integrity": "sha512-dcyqhDvX1C46lXZcVqCpK+FtMRQVdIMN6/Df5js2zouUsqG7I6sFxitIC+7KYK29KdXOLHdu9zL4sFnoVQnqaA=="
    },
    "node-gyp-build": {
      "version": "4.3.0",
      "resolved": "https://registry.npmjs.org/node-gyp-build/-/node-gyp-build-4.3.0.tgz",
      "integrity": "sha512-iWjXZvmboq0ja1pUGULQBexmxq8CV4xBhX7VDOTbL7ZR4FOowwY/VOtRxBN/yKxmdGoIp4j5ysNT4u3S2pDQ3Q==",
      "optional": true
    },
    "ts-ev": {
      "version": "0.3.0",
      "resolved": "https://registry.npmjs.org/ts-ev/-/ts-ev-0.3.0.tgz",
      "integrity": "sha512-auTmqG3pJLU0WxZex+wk1gGAcJWVpCmCaiXotwNPICgKcXRDVMlaTcXXwPzZz9YxAEe8c04WdJu/eUrofTGCkw=="
    },
    "typescript": {
      "version": "4.4.3",
      "resolved": "https://registry.npmjs.org/typescript/-/typescript-4.4.3.tgz",
      "integrity": "sha512-4xfscpisVgqqDfPaJo5vkd+Qd/ItkoagnHpufr+i2QCHBsNYp+G7UAoyFl8aPtx879u38wPV65rZ8qbGZijalA==",
      "dev": true
    },
    "utf-8-validate": {
      "version": "5.0.5",
      "resolved": "https://registry.npmjs.org/utf-8-validate/-/utf-8-validate-5.0.5.tgz",
      "integrity": "sha512-+pnxRYsS/axEpkrrEpzYfNZGXp0IjC/9RIxwM5gntY4Koi8SHmUGSfxfWqxZdRxrtaoVstuOzUp/rbs3JSPELQ==",
      "optional": true,
      "requires": {
        "node-gyp-build": "^4.2.0"
      }
    },
    "ws": {
      "version": "8.2.2",
      "resolved": "https://registry.npmjs.org/ws/-/ws-8.2.2.tgz",
      "integrity": "sha512-Q6B6H2oc8QY3llc3cB8kVmQ6pnJWVQbP7Q5algTcIxx7YEpc0oU4NBVHlztA7Ekzfhw2r0rPducMUiCGWKQRzw==",
      "requires": {}
    }
  }
}
